
Microsoft Visual Studio Solution File, Format Version 12.00
# Visual Studio Version 16
VisualStudioVersion = 16.0.29009.5
MinimumVisualStudioVersion = 10.0.40219.1
Project("{FAE04EC0-301F-11D3-BF4B-00C04F79EFBC}") = "BulkImageResizer", "BulkImageResizer\BulkImageResizer.csproj", "{3901C8DF-B021-400F-84D5-D35BB26D1EFC}"
EndProject
Global
	GlobalSection(SolutionConfigurationPlatforms) = preSolution
		Debug|Any CPU = Debug|Any CPU
		Release|Any CPU = Release|Any CPU
	EndGlobalSection
	GlobalSection(ProjectConfigurationPlatforms) = postSolution
		{3901C8DF-B021-400F-84D5-D35BB26D1EFC}.Debug|Any CPU.ActiveCfg = Debug|Any CPU
		{3901C8DF-B021-400F-84D5-D35BB26D1EFC}.Debug|Any CPU.Build.0 = Debug|Any CPU
		{3901C8DF-B021-400F-84D5-D35BB26D1EFC}.Release|Any CPU.ActiveCfg = Release|Any CPU
		{3901C8DF-B021-400F-84D5-D35BB26D1EFC}.Release|Any CPU.Build.0 = Release|Any CPU
	EndGlobalSection
	GlobalSection(SolutionProperties) = preSolution
		HideSolutionNode = FALSE
	EndGlobalSection
	GlobalSection(ExtensibilityGlobals) = postSolution
		SolutionGuid = {9974F2B2-0558-4142-813D-44B930C775F1}
	EndGlobalSection
EndGlobal
